// !$*UTF8*$!
{
	archiveVersion = 1;
	classes = {
	};
	objectVersion = 55;
	objects = {

/* Begin PBXBuildFile section */
		ED194BC728D28536003B15B5 /* FirstWeatherApp.swift in Sources */ = {isa = PBXBuildFile; fileRef = ED194BC628D28536003B15B5 /* FirstWeatherApp.swift */; };
		ED194BC928D28536003B15B5 /* MainView.swift in Sources */ = {isa = PBXBuildFile; fileRef = ED194BC828D28536003B15B5 /* MainView.swift */; };
		ED194BCB28D28548003B15B5 /* Assets.xcassets in Resources */ = {isa = PBXBuildFile; fileRef = ED194BCA28D28548003B15B5 /* Assets.xcassets */; };
		ED194BCE28D28548003B15B5 /* Preview Assets.xcassets in Resources */ = {isa = PBXBuildFile; fileRef = ED194BCD28D28548003B15B5 /* Preview Assets.xcassets */; };
		ED194BD828D28549003B15B5 /* FirstWeatherTests.swift in Sources */ = {isa = PBXBuildFile; fileRef = ED194BD728D28549003B15B5 /* FirstWeatherTests.swift */; };
		ED194BE228D28549003B15B5 /* FirstWeatherUITests.swift in Sources */ = {isa = PBXBuildFile; fileRef = ED194BE128D28549003B15B5 /* FirstWeatherUITests.swift */; };
		ED194BE428D28549003B15B5 /* FirstWeatherUITestsLaunchTests.swift in Sources */ = {isa = PBXBuildFile; fileRef = ED194BE328D28549003B15B5 /* FirstWeatherUITestsLaunchTests.swift */; };
		ED194BF128D2A3CA003B15B5 /* ViewModel.swift in Sources */ = {isa = PBXBuildFile; fileRef = ED194BF028D2A3CA003B15B5 /* ViewModel.swift */; };
		ED194BF328D2A7D2003B15B5 /* Models.swift in Sources */ = {isa = PBXBuildFile; fileRef = ED194BF228D2A7D2003B15B5 /* Models.swift */; };
		ED6277DB28D9075C00F2F2FB /* InitialView.swift in Sources */ = {isa = PBXBuildFile; fileRef = ED6277DA28D9075C00F2F2FB /* InitialView.swift */; };
/* End PBXBuildFile section */

/* Begin PBXContainerItemProxy section */
		ED194BD428D28549003B15B5 /* PBXContainerItemProxy */ = {
			isa = PBXContainerItemProxy;
			containerPortal = ED194BBB28D28536003B15B5 /* Project object */;
			proxyType = 1;
			remoteGlobalIDString = ED194BC228D28536003B15B5;
			remoteInfo = FirstWeather;
		};
		ED194BDE28D28549003B15B5 /* PBXContainerItemProxy */ = {
			isa = PBXContainerItemProxy;
			containerPortal = ED194BBB28D28536003B15B5 /* Project object */;
			proxyType = 1;
			remoteGlobalIDString = ED194BC228D28536003B15B5;
			remoteInfo = FirstWeather;
		};
/* End PBXContainerItemProxy section */

/* Begin PBXFileReference section */
		ED194BC328D28536003B15B5 /* FirstWeather.app */ = {isa = PBXFileReference; explicitFileType = wrapper.application; includeInIndex = 0; path = FirstWeather.app; sourceTree = BUILT_PRODUCTS_DIR; };
		ED194BC628D28536003B15B5 /* FirstWeatherApp.swift */ = {isa = PBXFileReference; lastKnownFileType = sourcecode.swift; path = FirstWeatherApp.swift; sourceTree = "<group>"; };
		ED194BC828D28536003B15B5 /* MainView.swift */ = {isa = PBXFileReference; lastKnownFileType = sourcecode.swift; path = MainView.swift; sourceTree = "<group>"; };
		ED194BCA28D28548003B15B5 /* Assets.xcassets */ = {isa = PBXFileReference; lastKnownFileType = folder.assetcatalog; path = Assets.xcassets; sourceTree = "<group>"; };
		ED194BCD28D28548003B15B5 /* Preview Assets.xcassets */ = {isa = PBXFileReference; lastKnownFileType = folder.assetcatalog; path = "Preview Assets.xcassets"; sourceTree = "<group>"; };
		ED194BD328D28549003B15B5 /* FirstWeatherTests.xctest */ = {isa = PBXFileReference; explicitFileType = wrapper.cfbundle; includeInIndex = 0; path = FirstWeatherTests.xctest; sourceTree = BUILT_PRODUCTS_DIR; };
		ED194BD728D28549003B15B5 /* FirstWeatherTests.swift */ = {isa = PBXFileReference; lastKnownFileType = sourcecode.swift; path = FirstWeatherTests.swift; sourceTree = "<group>"; };
		ED194BDD28D28549003B15B5 /* FirstWeatherUITests.xctest */ = {isa = PBXFileReference; explicitFileType = wrapper.cfbundle; includeInIndex = 0; path = FirstWeatherUITests.xctest; sourceTree = BUILT_PRODUCTS_DIR; };
		ED194BE128D28549003B15B5 /* FirstWeatherUITests.swift */ = {isa = PBXFileReference; lastKnownFileType = sourcecode.swift; path = FirstWeatherUITests.swift; sourceTree = "<group>"; };
		ED194BE328D28549003B15B5 /* FirstWeatherUITestsLaunchTests.swift */ = {isa = PBXFileReference; lastKnownFileType = sourcecode.swift; path = FirstWeatherUITestsLaunchTests.swift; sourceTree = "<group>"; };
		ED194BF028D2A3CA003B15B5 /* ViewModel.swift */ = {isa = PBXFileReference; lastKnownFileType = sourcecode.swift; path = ViewModel.swift; sourceTree = "<group>"; };
		ED194BF228D2A7D2003B15B5 /* Models.swift */ = {isa = PBXFileReference; lastKnownFileType = sourcecode.swift; path = Models.swift; sourceTree = "<group>"; };
		ED6277DA28D9075C00F2F2FB /* InitialView.swift */ = {isa = PBXFileReference; lastKnownFileType = sourcecode.swift; path = InitialView.swift; sourceTree = "<group>"; };
/* End PBXFileReference section */

/* Begin PBXFrameworksBuildPhase section */
		ED194BC028D28536003B15B5 /* Frameworks */ = {
			isa = PBXFrameworksBuildPhase;
			buildActionMask = 2147483647;
			files = (
			);
			runOnlyForDeploymentPostprocessing = 0;
		};
		ED194BD028D28549003B15B5 /* Frameworks */ = {
			isa = PBXFrameworksBuildPhase;
			buildActionMask = 2147483647;
			files = (
			);
			runOnlyForDeploymentPostprocessing = 0;
		};
		ED194BDA28D28549003B15B5 /* Frameworks */ = {
			isa = PBXFrameworksBuildPhase;
			buildActionMask = 2147483647;
			files = (
			);
			runOnlyForDeploymentPostprocessing = 0;
		};
/* End PBXFrameworksBuildPhase section */

/* Begin PBXGroup section */
		ED194BBA28D28536003B15B5 = {
			isa = PBXGroup;
			children = (
				ED194BC528D28536003B15B5 /* FirstWeather */,
				ED194BD628D28549003B15B5 /* FirstWeatherTests */,
				ED194BE028D28549003B15B5 /* FirstWeatherUITests */,
				ED194BC428D28536003B15B5 /* Products */,
			);
			sourceTree = "<group>";
		};
		ED194BC428D28536003B15B5 /* Products */ = {
			isa = PBXGroup;
			children = (
				ED194BC328D28536003B15B5 /* FirstWeather.app */,
				ED194BD328D28549003B15B5 /* FirstWeatherTests.xctest */,
				ED194BDD28D28549003B15B5 /* FirstWeatherUITests.xctest */,
			);
			name = Products;
			sourceTree = "<group>";
		};
		ED194BC528D28536003B15B5 /* FirstWeather */ = {
			isa = PBXGroup;
			children = (
				ED194BC628D28536003B15B5 /* FirstWeatherApp.swift */,
				ED194BC828D28536003B15B5 /* MainView.swift */,
				ED6277DA28D9075C00F2F2FB /* InitialView.swift */,
				ED194BF028D2A3CA003B15B5 /* ViewModel.swift */,
				ED194BF228D2A7D2003B15B5 /* Models.swift */,
				ED194BCA28D28548003B15B5 /* Assets.xcassets */,
				ED194BCC28D28548003B15B5 /* Preview Content */,
			);
			path = FirstWeather;
			sourceTree = "<group>";
		};
		ED194BCC28D28548003B15B5 /* Preview Content */ = {
			isa = PBXGroup;
			children = (
				ED194BCD28D28548003B15B5 /* Preview Assets.xcassets */,
			);
			path = "Preview Content";
			sourceTree = "<group>";
		};
		ED194BD628D28549003B15B5 /* FirstWeatherTests */ = {
			isa = PBXGroup;
			children = (
				ED194BD728D28549003B15B5 /* FirstWeatherTests.swift */,
			);
			path = FirstWeatherTests;
			sourceTree = "<group>";
		};
		ED194BE028D28549003B15B5 /* FirstWeatherUITests */ = {
			isa = PBXGroup;
			children = (
				ED194BE128D28549003B15B5 /* FirstWeatherUITests.swift */,
				ED194BE328D28549003B15B5 /* FirstWeatherUITestsLaunchTests.swift */,
			);
			path = FirstWeatherUITests;
			sourceTree = "<group>";
		};
/* End PBXGroup section */

/* Begin PBXNativeTarget section */
		ED194BC228D28536003B15B5 /* FirstWeather */ = {
			isa = PBXNativeTarget;
			buildConfigurationList = ED194BE728D28549003B15B5 /* Build configuration list for PBXNativeTarget "FirstWeather" */;
			buildPhases = (
				ED194BBF28D28536003B15B5 /* Sources */,
				ED194BC028D28536003B15B5 /* Frameworks */,
				ED194BC128D28536003B15B5 /* Resources */,
			);
			buildRules = (
			);
			dependencies = (
			);
			name = FirstWeather;
			productName = FirstWeather;
			productReference = ED194BC328D28536003B15B5 /* FirstWeather.app */;
			productType = "com.apple.product-type.application";
		};
		ED194BD228D28549003B15B5 /* FirstWeatherTests */ = {
			isa = PBXNativeTarget;
			buildConfigurationList = ED194BEA28D28549003B15B5 /* Build configuration list for PBXNativeTarget "FirstWeatherTests" */;
			buildPhases = (
				ED194BCF28D28549003B15B5 /* Sources */,
				ED194BD028D28549003B15B5 /* Frameworks */,
				ED194BD128D28549003B15B5 /* Resources */,
			);
			buildRules = (
			);
			dependencies = (
				ED194BD528D28549003B15B5 /* PBXTargetDependency */,
			);
			name = FirstWeatherTests;
			productName = FirstWeatherTests;
			productReference = ED194BD328D28549003B15B5 /* FirstWeatherTests.xctest */;
			productType = "com.apple.product-type.bundle.unit-test";
		};
		ED194BDC28D28549003B15B5 /* FirstWeatherUITests */ = {
			isa = PBXNativeTarget;
			buildConfigurationList = ED194BED28D28549003B15B5 /* Build configuration list for PBXNativeTarget "FirstWeatherUITests" */;
			buildPhases = (
				ED194BD928D28549003B15B5 /* Sources */,
				ED194BDA28D28549003B15B5 /* Frameworks */,
				ED194BDB28D28549003B15B5 /* Resources */,
			);
			buildRules = (
			);
			dependencies = (
				ED194BDF28D28549003B15B5 /* PBXTargetDependency */,
			);
			name = FirstWeatherUITests;
			productName = FirstWeatherUITests;
			productReference = ED194BDD28D28549003B15B5 /* FirstWeatherUITests.xctest */;
			productType = "com.apple.product-type.bundle.ui-testing";
		};
/* End PBXNativeTarget section */

/* Begin PBXProject section */
		ED194BBB28D28536003B15B5 /* Project object */ = {
			isa = PBXProject;
			attributes = {
				BuildIndependentTargetsInParallel = 1;
				LastSwiftUpdateCheck = 1340;
				LastUpgradeCheck = 1340;
				TargetAttributes = {
					ED194BC228D28536003B15B5 = {
						CreatedOnToolsVersion = 13.4.1;
					};
					ED194BD228D28549003B15B5 = {
						CreatedOnToolsVersion = 13.4.1;
						TestTargetID = ED194BC228D28536003B15B5;
					};
					ED194BDC28D28549003B15B5 = {
						CreatedOnToolsVersion = 13.4.1;
						TestTargetID = ED194BC228D28536003B15B5;
					};
				};
			};
			buildConfigurationList = ED194BBE28D28536003B15B5 /* Build configuration list for PBXProject "FirstWeather" */;
			compatibilityVersion = "Xcode 13.0";
			developmentRegion = en;
			hasScannedForEncodings = 0;
			knownRegions = (
				en,
				Base,
			);
			mainGroup = ED194BBA28D28536003B15B5;
			productRefGroup = ED194BC428D28536003B15B5 /* Products */;
			projectDirPath = "";
			projectRoot = "";
			targets = (
				ED194BC228D28536003B15B5 /* FirstWeather */,
				ED194BD228D28549003B15B5 /* FirstWeatherTests */,
				ED194BDC28D28549003B15B5 /* FirstWeatherUITests */,
			);
		};
/* End PBXProject section */

/* Begin PBXResourcesBuildPhase section */
		ED194BC128D28536003B15B5 /* Resources */ = {
			isa = PBXResourcesBuildPhase;
			buildActionMask = 2147483647;
			files = (
				ED194BCE28D28548003B15B5 /* Preview Assets.xcassets in Resources */,
				ED194BCB28D28548003B15B5 /* Assets.xcassets in Resources */,
			);
			runOnlyForDeploymentPostprocessing = 0;
		};
		ED194BD128D28549003B15B5 /* Resources */ = {
			isa = PBXResourcesBuildPhase;
			buildActionMask = 2147483647;
			files = (
			);
			runOnlyForDeploymentPostprocessing = 0;
		};
		ED194BDB28D28549003B15B5 /* Resources */ = {
			isa = PBXResourcesBuildPhase;
			buildActionMask = 2147483647;
			files = (
			);
			runOnlyForDeploymentPostprocessing = 0;
		};
/* End PBXResourcesBuildPhase section */

/* Begin PBXSourcesBuildPhase section */
		ED194BBF28D28536003B15B5 /* Sources */ = {
			isa = PBXSourcesBuildPhase;
			buildActionMask = 2147483647;
			files = (
				ED194BC928D28536003B15B5 /* MainView.swift in Sources */,
				ED194BF128D2A3CA003B15B5 /* ViewModel.swift in Sources */,
				ED194BC728D28536003B15B5 /* FirstWeatherApp.swift in Sources */,
				ED6277DB28D9075C00F2F2FB /* InitialView.swift in Sources */,
				ED194BF328D2A7D2003B15B5 /* Models.swift in Sources */,
			);
			runOnlyForDeploymentPostprocessing = 0;
		};
		ED194BCF28D28549003B15B5 /* Sources */ = {
			isa = PBXSourcesBuildPhase;
			buildActionMask = 2147483647;
			files = (
				ED194BD828D28549003B15B5 /* FirstWeatherTests.swift in Sources */,
			);
			runOnlyForDeploymentPostprocessing = 0;
		};
		ED194BD928D28549003B15B5 /* Sources */ = {
			isa = PBXSourcesBuildPhase;
			buildActionMask = 2147483647;
			files = (
				ED194BE428D28549003B15B5 /* FirstWeatherUITestsLaunchTests.swift in Sources */,
				ED194BE228D28549003B15B5 /* FirstWeatherUITests.swift in Sources */,
			);
			runOnlyForDeploymentPostprocessing = 0;
		};
/* End PBXSourcesBuildPhase section */

/* Begin PBXTargetDependency section */
		ED194BD528D28549003B15B5 /* PBXTargetDependency */ = {
			isa = PBXTargetDependency;
			target = ED194BC228D28536003B15B5 /* FirstWeather */;
			targetProxy = ED194BD428D28549003B15B5 /* PBXContainerItemProxy */;
		};
		ED194BDF28D28549003B15B5 /* PBXTargetDependency */ = {
			isa = PBXTargetDependency;
			target = ED194BC228D28536003B15B5 /* FirstWeather */;
			targetProxy = ED194BDE28D28549003B15B5 /* PBXContainerItemProxy */;
		};
/* End PBXTargetDependency section */

/* Begin XCBuildConfiguration section */
		ED194BE528D28549003B15B5 /* Debug */ = {
			isa = XCBuildConfiguration;
			buildSettings = {
				ALWAYS_SEARCH_USER_PATHS = NO;
				CLANG_ANALYZER_NONNULL = YES;
				CLANG_ANALYZER_NUMBER_OBJECT_CONVERSION = YES_AGGRESSIVE;
				CLANG_CXX_LANGUAGE_STANDARD = "gnu++17";
				CLANG_ENABLE_MODULES = YES;
				CLANG_ENABLE_OBJC_ARC = YES;
				CLANG_ENABLE_OBJC_WEAK = YES;
				CLANG_WARN_BLOCK_CAPTURE_AUTORELEASING = YES;
				CLANG_WARN_BOOL_CONVERSION = YES;
				CLANG_WARN_COMMA = YES;
				CLANG_WARN_CONSTANT_CONVERSION = YES;
				CLANG_WARN_DEPRECATED_OBJC_IMPLEMENTATIONS = YES;
				CLANG_WARN_DIRECT_OBJC_ISA_USAGE = YES_ERROR;
				CLANG_WARN_DOCUMENTATION_COMMENTS = YES;
				CLANG_WARN_EMPTY_BODY = YES;
				CLANG_WARN_ENUM_CONVERSION = YES;
				CLANG_WARN_INFINITE_RECURSION = YES;
				CLANG_WARN_INT_CONVERSION = YES;
				CLANG_WARN_NON_LITERAL_NULL_CONVERSION = YES;
				CLANG_WARN_OBJC_IMPLICIT_RETAIN_SELF = YES;
				CLANG_WARN_OBJC_LITERAL_CONVERSION = YES;
				CLANG_WARN_OBJC_ROOT_CLASS = YES_ERROR;
				CLANG_WARN_QUOTED_INCLUDE_IN_FRAMEWORK_HEADER = YES;
				CLANG_WARN_RANGE_LOOP_ANALYSIS = YES;
				CLANG_WARN_STRICT_PROTOTYPES = YES;
				CLANG_WARN_SUSPICIOUS_MOVE = YES;
				CLANG_WARN_UNGUARDED_AVAILABILITY = YES_AGGRESSIVE;
				CLANG_WARN_UNREACHABLE_CODE = YES;
				CLANG_WARN__DUPLICATE_METHOD_MATCH = YES;
				COPY_PHASE_STRIP = NO;
				DEBUG_INFORMATION_FORMAT = dwarf;
				ENABLE_STRICT_OBJC_MSGSEND = YES;
				ENABLE_TESTABILITY = YES;
				GCC_C_LANGUAGE_STANDARD = gnu11;
				GCC_DYNAMIC_NO_PIC = NO;
				GCC_NO_COMMON_BLOCKS = YES;
				GCC_OPTIMIZATION_LEVEL = 0;
				GCC_PREPROCESSOR_DEFINITIONS = (
					"DEBUG=1",
					"$(inherited)",
				);
				GCC_WARN_64_TO_32_BIT_CONVERSION = YES;
				GCC_WARN_ABOUT_RETURN_TYPE = YES_ERROR;
				GCC_WARN_UNDECLARED_SELECTOR = YES;
				GCC_WARN_UNINITIALIZED_AUTOS = YES_AGGRESSIVE;
				GCC_WARN_UNUSED_FUNCTION = YES;
				GCC_WARN_UNUSED_VARIABLE = YES;
				IPHONEOS_DEPLOYMENT_TARGET = 15.5;
				MTL_ENABLE_DEBUG_INFO = INCLUDE_SOURCE;
				MTL_FAST_MATH = YES;
				ONLY_ACTIVE_ARCH = YES;
				SDKROOT = iphoneos;
				SWIFT_ACTIVE_COMPILATION_CONDITIONS = DEBUG;
				SWIFT_OPTIMIZATION_LEVEL = "-Onone";
			};
			name = Debug;
		};
		ED194BE628D28549003B15B5 /* Release */ = {
			isa = XCBuildConfiguration;
			buildSettings = {
				ALWAYS_SEARCH_USER_PATHS = NO;
				CLANG_ANALYZER_NONNULL = YES;
				CLANG_ANALYZER_NUMBER_OBJECT_CONVERSION = YES_AGGRESSIVE;
				CLANG_CXX_LANGUAGE_STANDARD = "gnu++17";
				CLANG_ENABLE_MODULES = YES;
				CLANG_ENABLE_OBJC_ARC = YES;
				CLANG_ENABLE_OBJC_WEAK = YES;
				CLANG_WARN_BLOCK_CAPTURE_AUTORELEASING = YES;
				CLANG_WARN_BOOL_CONVERSION = YES;
				CLANG_WARN_COMMA = YES;
				CLANG_WARN_CONSTANT_CONVERSION = YES;
				CLANG_WARN_DEPRECATED_OBJC_IMPLEMENTATIONS = YES;
				CLANG_WARN_DIRECT_OBJC_ISA_USAGE = YES_ERROR;
				CLANG_WARN_DOCUMENTATION_COMMENTS = YES;
				CLANG_WARN_EMPTY_BODY = YES;
				CLANG_WARN_ENUM_CONVERSION = YES;
				CLANG_WARN_INFINITE_RECURSION = YES;
				CLANG_WARN_INT_CONVERSION = YES;
				CLANG_WARN_NON_LITERAL_NULL_CONVERSION = YES;
				CLANG_WARN_OBJC_IMPLICIT_RETAIN_SELF = YES;
				CLANG_WARN_OBJC_LITERAL_CONVERSION = YES;
				CLANG_WARN_OBJC_ROOT_CLASS = YES_ERROR;
				CLANG_WARN_QUOTED_INCLUDE_IN_FRAMEWORK_HEADER = YES;
				CLANG_WARN_RANGE_LOOP_ANALYSIS = YES;
				CLANG_WARN_STRICT_PROTOTYPES = YES;
				CLANG_WARN_SUSPICIOUS_MOVE = YES;
				CLANG_WARN_UNGUARDED_AVAILABILITY = YES_AGGRESSIVE;
				CLANG_WARN_UNREACHABLE_CODE = YES;
				CLANG_WARN__DUPLICATE_METHOD_MATCH = YES;
				COPY_PHASE_STRIP = NO;
				DEBUG_INFORMATION_FORMAT = "dwarf-with-dsym";
				ENABLE_NS_ASSERTIONS = NO;
				ENABLE_STRICT_OBJC_MSGSEND = YES;
				GCC_C_LANGUAGE_STANDARD = gnu11;
				GCC_NO_COMMON_BLOCKS = YES;
				GCC_WARN_64_TO_32_BIT_CONVERSION = YES;
				GCC_WARN_ABOUT_RETURN_TYPE = YES_ERROR;
				GCC_WARN_UNDECLARED_SELECTOR = YES;
				GCC_WARN_UNINITIALIZED_AUTOS = YES_AGGRESSIVE;
				GCC_WARN_UNUSED_FUNCTION = YES;
				GCC_WARN_UNUSED_VARIABLE = YES;
				IPHONEOS_DEPLOYMENT_TARGET = 15.5;
				MTL_ENABLE_DEBUG_INFO = NO;
				MTL_FAST_MATH = YES;
				SDKROOT = iphoneos;
				SWIFT_COMPILATION_MODE = wholemodule;
				SWIFT_OPTIMIZATION_LEVEL = "-O";
				VALIDATE_PRODUCT = YES;
			};
			name = Release;
		};
		ED194BE828D28549003B15B5 /* Debug */ = {
			isa = XCBuildConfiguration;
			buildSettings = {
				ASSETCATALOG_COMPILER_APPICON_NAME = AppIcon;
				ASSETCATALOG_COMPILER_GLOBAL_ACCENT_COLOR_NAME = AccentColor;
				CODE_SIGN_STYLE = Automatic;
				CURRENT_PROJECT_VERSION = 1;
				DEVELOPMENT_ASSET_PATHS = "\"FirstWeather/Preview Content\"";
				DEVELOPMENT_TEAM = LM5EME4M9H;
				ENABLE_PREVIEWS = YES;
				GENERATE_INFOPLIST_FILE = YES;
				INFOPLIST_KEY_UIApplicationSceneManifest_Generation = YES;
				INFOPLIST_KEY_UIApplicationSupportsIndirectInputEvents = YES;
				INFOPLIST_KEY_UILaunchScreen_Generation = YES;
				INFOPLIST_KEY_UISupportedInterfaceOrientations_iPad = "UIInterfaceOrientationPortrait UIInterfaceOrientationPortraitUpsideDown UIInterfaceOrientationLandscapeLeft UIInterfaceOrientationLandscapeRight";
				INFOPLIST_KEY_UISupportedInterfaceOrientations_iPhone = "UIInterfaceOrientationPortrait UIInterfaceOrientationLandscapeLeft UIInterfaceOrientationLandscapeRight";
				LD_RUNPATH_SEARCH_PATHS = (
					"$(inherited)",
					"@executable_path/Frameworks",
				);
				MARKETING_VERSION = 1.0;
				PRODUCT_BUNDLE_IDENTIFIER = ar.zafe.FirstWeather;
				PRODUCT_NAME = "$(TARGET_NAME)";
				SWIFT_EMIT_LOC_STRINGS = YES;
				SWIFT_VERSION = 5.0;
				TARGETED_DEVICE_FAMILY = "1,2";
			};
			name = Debug;
		};
		ED194BE928D28549003B15B5 /* Release */ = {
			isa = XCBuildConfiguration;
			buildSettings = {
				ASSETCATALOG_COMPILER_APPICON_NAME = AppIcon;
				ASSETCATALOG_COMPILER_GLOBAL_ACCENT_COLOR_NAME = AccentColor;
				CODE_SIGN_STYLE = Automatic;
				CURRENT_PROJECT_VERSION = 1;
				DEVELOPMENT_ASSET_PATHS = "\"FirstWeather/Preview Content\"";
				DEVELOPMENT_TEAM = LM5EME4M9H;
				ENABLE_PREVIEWS = YES;
				GENERATE_INFOPLIST_FILE = YES;
				INFOPLIST_KEY_UIApplicationSceneManifest_Generation = YES;
				INFOPLIST_KEY_UIApplicationSupportsIndirectInputEvents = YES;
				INFOPLIST_KEY_UILaunchScreen_Generation = YES;
				INFOPLIST_KEY_UISupportedInterfaceOrientations_iPad = "UIInterfaceOrientationPortrait UIInterfaceOrientationPortraitUpsideDown UIInterfaceOrientationLandscapeLeft UIInterfaceOrientationLandscapeRight";
				INFOPLIST_KEY_UISupportedInterfaceOrientations_iPhone = "UIInterfaceOrientationPortrait UIInterfaceOrientationLandscapeLeft UIInterfaceOrientationLandscapeRight";
				LD_RUNPATH_SEARCH_PATHS = (
					"$(inherited)",
					"@executable_path/Frameworks",
				);
				MARKETING_VERSION = 1.0;
				PRODUCT_BUNDLE_IDENTIFIER = ar.zafe.FirstWeather;
				PRODUCT_NAME = "$(TARGET_NAME)";
				SWIFT_EMIT_LOC_STRINGS = YES;
				SWIFT_VERSION = 5.0;
				TARGETED_DEVICE_FAMILY = "1,2";
			};
			name = Release;
		};
		ED194BEB28D28549003B15B5 /* Debug */ = {
			isa = XCBuildConfiguration;
			buildSettings = {
				ALWAYS_EMBED_SWIFT_STANDARD_LIBRARIES = YES;
				BUNDLE_LOADER = "$(TEST_HOST)";
				CODE_SIGN_STYLE = Automatic;
				CURRENT_PROJECT_VERSION = 1;
				DEVELOPMENT_TEAM = LM5EME4M9H;
				GENERATE_INFOPLIST_FILE = YES;
				IPHONEOS_DEPLOYMENT_TARGET = 15.5;
				MARKETING_VERSION = 1.0;
				PRODUCT_BUNDLE_IDENTIFIER = ar.zafe.FirstWeatherTests;
				PRODUCT_NAME = "$(TARGET_NAME)";
				SWIFT_EMIT_LOC_STRINGS = NO;
				SWIFT_VERSION = 5.0;
				TARGETED_DEVICE_FAMILY = "1,2";
				TEST_HOST = "$(BUILT_PRODUCTS_DIR)/FirstWeather.app/FirstWeather";
			};
			name = Debug;
		};
		ED194BEC28D28549003B15B5 /* Release */ = {
			isa = XCBuildConfiguration;
			buildSettings = {
				ALWAYS_EMBED_SWIFT_STANDARD_LIBRARIES = YES;
				BUNDLE_LOADER = "$(TEST_HOST)";
				CODE_SIGN_STYLE = Automatic;
				CURRENT_PROJECT_VERSION = 1;
				DEVELOPMENT_TEAM = LM5EME4M9H;
				GENERATE_INFOPLIST_FILE = YES;
				IPHONEOS_DEPLOYMENT_TARGET = 15.5;
				MARKETING_VERSION = 1.0;
				PRODUCT_BUNDLE_IDENTIFIER = ar.zafe.FirstWeatherTests;
				PRODUCT_NAME = "$(TARGET_NAME)";
				SWIFT_EMIT_LOC_STRINGS = NO;
				SWIFT_VERSION = 5.0;
				TARGETED_DEVICE_FAMILY = "1,2";
				TEST_HOST = "$(BUILT_PRODUCTS_DIR)/FirstWeather.app/FirstWeather";
			};
			name = Release;
		};
		ED194BEE28D28549003B15B5 /* Debug */ = {
			isa = XCBuildConfiguration;
			buildSettings = {
				ALWAYS_EMBED_SWIFT_STANDARD_LIBRARIES = YES;
				CODE_SIGN_STYLE = Automatic;
				CURRENT_PROJECT_VERSION = 1;
				DEVELOPMENT_TEAM = LM5EME4M9H;
				GENERATE_INFOPLIST_FILE = YES;
				MARKETING_VERSION = 1.0;
				PRODUCT_BUNDLE_IDENTIFIER = ar.zafe.FirstWeatherUITests;
				PRODUCT_NAME = "$(TARGET_NAME)";
				SWIFT_EMIT_LOC_STRINGS = NO;
				SWIFT_VERSION = 5.0;
				TARGETED_DEVICE_FAMILY = "1,2";
				TEST_TARGET_NAME = FirstWeather;
			};
			name = Debug;
		};
		ED194BEF28D28549003B15B5 /* Release */ = {
			isa = XCBuildConfiguration;
			buildSettings = {
				ALWAYS_EMBED_SWIFT_STANDARD_LIBRARIES = YES;
				CODE_SIGN_STYLE = Automatic;
				CURRENT_PROJECT_VERSION = 1;
				DEVELOPMENT_TEAM = LM5EME4M9H;
				GENERATE_INFOPLIST_FILE = YES;
				MARKETING_VERSION = 1.0;
				PRODUCT_BUNDLE_IDENTIFIER = ar.zafe.FirstWeatherUITests;
				PRODUCT_NAME = "$(TARGET_NAME)";
				SWIFT_EMIT_LOC_STRINGS = NO;
				SWIFT_VERSION = 5.0;
				TARGETED_DEVICE_FAMILY = "1,2";
				TEST_TARGET_NAME = FirstWeather;
			};
			name = Release;
		};
/* End XCBuildConfiguration section */

/* Begin XCConfigurationList section */
		ED194BBE28D28536003B15B5 /* Build configuration list for PBXProject "FirstWeather" */ = {
			isa = XCConfigurationList;
			buildConfigurations = (
				ED194BE528D28549003B15B5 /* Debug */,
				ED194BE628D28549003B15B5 /* Release */,
			);
			defaultConfigurationIsVisible = 0;
			defaultConfigurationName = Release;
		};
		ED194BE728D28549003B15B5 /* Build configuration list for PBXNativeTarget "FirstWeather" */ = {
			isa = XCConfigurationList;
			buildConfigurations = (
				ED194BE828D28549003B15B5 /* Debug */,
				ED194BE928D28549003B15B5 /* Release */,
			);
			defaultConfigurationIsVisible = 0;
			defaultConfigurationName = Release;
		};
		ED194BEA28D28549003B15B5 /* Build configuration list for PBXNativeTarget "FirstWeatherTests" */ = {
			isa = XCConfigurationList;
			buildConfigurations = (
				ED194BEB28D28549003B15B5 /* Debug */,
				ED194BEC28D28549003B15B5 /* Release */,
			);
			defaultConfigurationIsVisible = 0;
			defaultConfigurationName = Release;
		};
		ED194BED28D28549003B15B5 /* Build configuration list for PBXNativeTarget "FirstWeatherUITests" */ = {
			isa = XCConfigurationList;
			buildConfigurations = (
				ED194BEE28D28549003B15B5 /* Debug */,
				ED194BEF28D28549003B15B5 /* Release */,
			);
			defaultConfigurationIsVisible = 0;
			defaultConfigurationName = Release;
		};
/* End XCConfigurationList section */
	};
	rootObject = ED194BBB28D28536003B15B5 /* Project object */;
}
